
Microsoft Visual Studio Solution File, Format Version 12.00
# Visual Studio Version 17
VisualStudioVersion = 17.1.32407.343
MinimumVisualStudioVersion = 10.0.40219.1
Project("{9A19103F-16F7-4668-BE54-9A1E7A4F7556}") = "DiffFinder", "DiffFinder\DiffFinder.csproj", "{451E68CB-ACC8-4725-BDFD-307F3831FACF}"
EndProject
Project("{9A19103F-16F7-4668-BE54-9A1E7A4F7556}") = "DiffFinderTest", "DiffFinderTest\DiffFinderTest.csproj", "{F35188AD-DD29-4BA6-B200-A9C2444F8D1E}"
EndProject
Global
	GlobalSection(SolutionConfigurationPlatforms) = preSolution
		Debug|Any CPU = Debug|Any CPU
		Release|Any CPU = Release|Any CPU
	EndGlobalSection
	GlobalSection(ProjectConfigurationPlatforms) = postSolution
		{451E68CB-ACC8-4725-BDFD-307F3831FACF}.Debug|Any CPU.ActiveCfg = Debug|Any CPU
		{451E68CB-ACC8-4725-BDFD-307F3831FACF}.Debug|Any CPU.Build.0 = Debug|Any CPU
		{451E68CB-ACC8-4725-BDFD-307F3831FACF}.Release|Any CPU.ActiveCfg = Release|Any CPU
		{451E68CB-ACC8-4725-BDFD-307F3831FACF}.Release|Any CPU.Build.0 = Release|Any CPU
		{F35188AD-DD29-4BA6-B200-A9C2444F8D1E}.Debug|Any CPU.ActiveCfg = Debug|Any CPU
		{F35188AD-DD29-4BA6-B200-A9C2444F8D1E}.Debug|Any CPU.Build.0 = Debug|Any CPU
		{F35188AD-DD29-4BA6-B200-A9C2444F8D1E}.Release|Any CPU.ActiveCfg = Release|Any CPU
		{F35188AD-DD29-4BA6-B200-A9C2444F8D1E}.Release|Any CPU.Build.0 = Release|Any CPU
	EndGlobalSection
	GlobalSection(SolutionProperties) = preSolution
		HideSolutionNode = FALSE
	EndGlobalSection
	GlobalSection(ExtensibilityGlobals) = postSolution
		SolutionGuid = {99EE03B4-B063-423E-A501-75EF23395E82}
	EndGlobalSection
EndGlobal
